github.com/Motmedel/ecs_go v0.0.55 h1:Ue8iJ3k+bSV5t3z+BN/jGVG3ju7J47qbXjy1Xco7tXc=
github.com/Motmedel/ecs_go v0.0.55/go.mod h1:/GC2IyaRqkRtRPgADrCWBZ2tb/kkn9/Dw6jE73bRXyU=
github.com/Motmedel/gcp_logging_go v0.0.5 h1:/i99Y+iJBsuhBwxU2/F8E+/P7m71+Np+NZ6TYJDVi8A=
github.com/Motmedel/gcp_logging_go v0.0.5/go.mod h1:yuvEhmMwEOueSGava3eHjNIm/1BzYc/3o4a6+BaZLFk=
github.com/Motmedel/parsing_utils v0.0.3 h1:DUXFrhMTEK5tfYsH0PQkjzRdS/yNvEs1YJ3k4tnG/2A=
github.com/Motmedel/parsing_utils v0.0.3/go.mod h1:OhJqcl0rC5n8tdOaNuKlcAYe2yyUqodhoybdXtUn6Co=
github.com/Motmedel/utils_go v0.0.198 h1:7CQi8WD2KE2PZgUi8OaqQ6a0ke3amr/nS/pIqSP5ks0=
github.com/Motmedel/utils_go v0.0.198/go.mod h1:kKm8jM7GA8M7ICIImi5etOMixRgQfnStBPjEoCMTgbg=
github.com/Motmedel/utils_go/pkg/http/log v0.0.4 h1:5/qTl1Gve0CkP6tWhVWKDYT13U1Wb/h0U7YiaJ99ghQ=
github.com/Motmedel/utils_go/pkg/http/log v0.0.4/go.mod h1:VGQu3SV0SU+Sd76rsFUI5ApeEh0bZBPmNT6xmmlZkx8=
github.com/Motmedel/utils_go/pkg/http/mux v0.0.65 h1:aiMDHhzgsfAaEKlyA58ZZBZbIWYmUmLFLjRxTTsZ7+o=
github.com/Motmedel/utils_go/pkg/http/mux v0.0.65/go.mod h1:5+rZLY6UuKPiSgPlAg5SNTdajWsVFdfxoJkTfyvH5TA=
github.com/Motmedel/utils_go/pkg/http/parsing/headers v0.0.22 h1:yXJ/4APVhPL/UyGqreMQ4XXzz/YzZTS48ZIMlelj8pA=
github.com/Motmedel/utils_go/pkg/http/parsing/headers v0.0.22/go.mod h1:i42F/+F9BmGGoEY6dgj5Dp0lGcTpBOzKZ4+ikkQS7bE=
github.com/Motmedel/utils_go/pkg/http/problem_detail v1.0.4 h1:FFISPMIc2zf8ZoF2uPYlGiH6A5WrK+8n9lD5dIlvTTo=
github.com/Motmedel/utils_go/pkg/http/problem_detail v1.0.4/go.mod h1:+IxGCG8j1RnwKAKVja/lF6TPDWuWIKbrTLnDPeEkQy8=
github.com/Motmedel/utils_go/pkg/net/domain_breakdown v0.0.3 h1:HFzFdngiLgDTyFmT3Y4GkrzULJI6xyeG/JBlmo28Cvc=
github.com/Motmedel/utils_go/pkg/net/domain_breakdown v0.0.3/go.mod h1:Nb+ubpN7z8g1YbomQR867wwSCngDlRsqCrrJGKLZIOo=
github.com/altshiftab/gcp_utils v0.0.5 h1:MfSxBqM+fc7peiUH9zSOwJdCLi3m0YTCIbvVkkINKrs=
github.com/altshiftab/gcp_utils v0.0.5/go.mod h1:RQ7WyytOF87xW6lxDWl9SECky0p9wURrbd/Ayy3r9pE=
github.com/altshiftab/gcp_utils/pkg/http v0.0.9 h1:P9R9e7H25zliUsdcZfi5y8Jziavv5OZZLZjLaeMS9LU=
github.com/altshiftab/gcp_utils/pkg/http v0.0.9/go.mod h1:IkGRrSfhxAyvNTdfjKD9wFaFQ278N0VMFDVj3VBGdpQ=
github.com/altshiftab/gcp_utils/pkg/log v0.0.9 h1:CKtucO3yEXbKvhEkdRTmLkmK4b+y6hBb6s5dHyzsrGo=
github.com/altshiftab/gcp_utils/pkg/log v0.0.9/go.mod h1:AkgSedA1q7FkfusvIOQ631GT0Kg2tc41RoxNw2s+Tm4=
github.com/altshiftab/mux_static_content/cmd/generate_endpoints v0.0.2 h1:jS5axQVyrVb5b0OQ9vj7XJeUhq9/fJBPrQnpSRNVEMs=
github.com/altshiftab/mux_static_content/cmd/generate_endpoints v0.0.2/go.mod h1:jG/2dUNqdGZcyPfumdny3/7d9hNyWsy6MbybzllGunA=
github.com/davecgh/go-spew v1.1.1 h1:vj9j/u1bqnvCEfJOwUhtlOARqs3+rkHYY13jYWTU97c=
github.com/davecgh/go-spew v1.1.1/go.mod h1:J7Y8YcW2NihsgmVo/mv3lAwl/skON4iLHjSsI+c5H38=
github.com/gammazero/deque v1.0.0 h1:LTmimT8H7bXkkCy6gZX7zNLtkbz4NdS2z8LZuor3j34=
github.com/gammazero/deque v1.0.0/go.mod h1:iflpYvtGfM3U8S8j+sZEKIak3SAKYpA5/SQewgfXDKo=
github.com/google/go-cmp v0.7.0 h1:wk8382ETsv4JYUZwIsn6YpYiWiBsYLSJiTsyBybVuN8=
github.com/google/go-cmp v0.7.0/go.mod h1:pXiqmnSA92OHEEa9HXL2W4E7lf9JzCmGVUdgjX3N/iU=
github.com/google/uuid v1.6.0 h1:NIvaJDMOsjHA8n1jAhLSgzrAzy1Hgr+hNrb57e+94F0=
github.com/google/uuid v1.6.0/go.mod h1:TIyPZe4MgqvfeYDBFedMoGGpEw/LqOeaOT+nhxU+yHo=
github.com/pandatix/go-abnf v0.1.7 h1:/Ru0e9PWhDJbBg0dxuF6GK/+hMBt8/nvYu0ne8q9EFo=
github.com/pandatix/go-abnf v0.1.7/go.mod h1:dv/sWix/t0zGI/gmXwnDrAkpS1pGGqXfoYSwknM4uwQ=
github.com/pmezard/go-difflib v1.0.0 h1:4DBwDE0NGyQoBHbLQYPwSUPoCMWR5BEzIk/f1lZbAQM=
github.com/pmezard/go-difflib v1.0.0/go.mod h1:iKH77koFhYxTK1pcRnkKkqfTogsbg7gZNVY4sRDYZ/4=
github.com/stretchr/testify v1.10.0 h1:Xv5erBjTwe/5IxqUQTdXv5kgmIvbHo3QQyRwhJsOfJA=
github.com/stretchr/testify v1.10.0/go.mod h1:r2ic/lqez/lEtzL7wO/rwa5dbSLXVDPFyf8C91i36aY=
github.com/vphpersson/code_generation_go v0.0.6 h1:5gm1Vt56QPqVDy++vJR/K9t3ExQ3WpR9oOykNE4J6uQ=
github.com/vphpersson/code_generation_go v0.0.6/go.mod h1:RMIBmCf8MefeowxVXptsvUhiET5FaEqSG9+6+tCEu3A=
golang.org/x/net v0.33.0 h1:74SYHlV8BIgHIFC/LrYkOGIwL19eTYXQ5wc6TBuO36I=
golang.org/x/net v0.33.0/go.mod h1:HXLR5J+9DxmrqMwG9qjGCxZ+zKXxBru04zlTvWlWuN4=
golang.org/x/net v0.38.0 h1:vRMAPTMaeGqVhG5QyLJHqNDwecKTomGeqbnfZyKlBI8=
golang.org/x/net v0.38.0/go.mod h1:ivrbrMbzFq5J41QOQh0siUuly180yBYtLp+CKbEaFx8=
golang.org/x/sync v0.12.0 h1:MHc5BpPuC30uJk597Ri8TV3CNZcTLu6B6z4lJy+g6Jw=
golang.org/x/sync v0.12.0/go.mod h1:1dzgHSNfp02xaA81J2MS99Qcpr2w7fw1gpm99rleRqA=
golang.org/x/text v0.21.0 h1:zyQAAkrwaneQ066sspRyJaG9VNi/YJ1NfzcGB3hZ/qo=
golang.org/x/text v0.21.0/go.mod h1:4IBbMaMmOPCJ8SecivzSH54+73PCFmPWxNTLm+vZkEQ=
golang.org/x/text v0.23.0/go.mod h1:/BLNzu4aZCJ1+kcD0DNRotWKage4q2rGVAg4o22unh4=
gopkg.in/yaml.v3 v3.0.1 h1:fxVm/GzAzEWqLHuvctI91KS9hhNmmWOoWu0XTYJS7CA=
gopkg.in/yaml.v3 v3.0.1/go.mod h1:K4uyk7z7BCEPqu6E+C64Yfv1cQ7kz7rIZviUmN+EgEM=
